
Microsoft Visual Studio Solution File, Format Version 12.00
# Visual Studio Version 17
VisualStudioVersion = 17.0.31903.59
MinimumVisualStudioVersion = 10.0.40219.1
Project("{FAE04EC0-301F-11D3-BF4B-00C04F79EFBC}") = "OShop", "OShop\OShop.csproj", "{A9EDC185-81F6-4073-8B5D-B38E3AFC21EE}"
EndProject
Project("{FAE04EC0-301F-11D3-BF4B-00C04F79EFBC}") = "OShop.DataLayer", "OShop.DataLayer\OShop.DataLayer.csproj", "{000E47E5-3F1A-4850-B742-6E4C76D33373}"
EndProject
Project("{FAE04EC0-301F-11D3-BF4B-00C04F79EFBC}") = "OShop.Core", "OShop.Core\OShop.Core.csproj", "{71AE12AE-B1E0-48E6-84AE-07384C423D1A}"
EndProject
Global
	GlobalSection(SolutionConfigurationPlatforms) = preSolution
		Debug|Any CPU = Debug|Any CPU
		Release|Any CPU = Release|Any CPU
	EndGlobalSection
	GlobalSection(ProjectConfigurationPlatforms) = postSolution
		{A9EDC185-81F6-4073-8B5D-B38E3AFC21EE}.Debug|Any CPU.ActiveCfg = Debug|Any CPU
		{A9EDC185-81F6-4073-8B5D-B38E3AFC21EE}.Debug|Any CPU.Build.0 = Debug|Any CPU
		{A9EDC185-81F6-4073-8B5D-B38E3AFC21EE}.Release|Any CPU.ActiveCfg = Release|Any CPU
		{A9EDC185-81F6-4073-8B5D-B38E3AFC21EE}.Release|Any CPU.Build.0 = Release|Any CPU
		{000E47E5-3F1A-4850-B742-6E4C76D33373}.Debug|Any CPU.ActiveCfg = Debug|Any CPU
		{000E47E5-3F1A-4850-B742-6E4C76D33373}.Debug|Any CPU.Build.0 = Debug|Any CPU
		{000E47E5-3F1A-4850-B742-6E4C76D33373}.Release|Any CPU.ActiveCfg = Release|Any CPU
		{000E47E5-3F1A-4850-B742-6E4C76D33373}.Release|Any CPU.Build.0 = Release|Any CPU
		{71AE12AE-B1E0-48E6-84AE-07384C423D1A}.Debug|Any CPU.ActiveCfg = Debug|Any CPU
		{71AE12AE-B1E0-48E6-84AE-07384C423D1A}.Debug|Any CPU.Build.0 = Debug|Any CPU
		{71AE12AE-B1E0-48E6-84AE-07384C423D1A}.Release|Any CPU.ActiveCfg = Release|Any CPU
		{71AE12AE-B1E0-48E6-84AE-07384C423D1A}.Release|Any CPU.Build.0 = Release|Any CPU
	EndGlobalSection
	GlobalSection(SolutionProperties) = preSolution
		HideSolutionNode = FALSE
	EndGlobalSection
	GlobalSection(ExtensibilityGlobals) = postSolution
		SolutionGuid = {8DEB40BA-22AA-43E5-A75F-31675200FC6D}
	EndGlobalSection
EndGlobal
